
Microsoft Visual Studio Solution File, Format Version 12.00
# Visual Studio Version 17
VisualStudioVersion = 17.10.35013.160
MinimumVisualStudioVersion = 10.0.40219.1
Project("{9A19103F-16F7-4668-BE54-9A1E7A4F7556}") = "SkillUp", "SkillUp\SkillUp.csproj", "{FE2FA2F7-DB60-4DC2-AE83-95285B5C85F4}"
EndProject
Project("{9A19103F-16F7-4668-BE54-9A1E7A4F7556}") = "SkillUp.DataAccessLayer", "SkillUp.DataAccessLayer\SkillUp.DataAccessLayer.csproj", "{4C0472FE-BD00-4CA3-9CC0-67CC5919797B}"
EndProject
Project("{9A19103F-16F7-4668-BE54-9A1E7A4F7556}") = "SkillUp.BussinessLayer", "SkillUp.BussinessLayer\SkillUp.BussinessLayer.csproj", "{94FF3E81-B2BD-4F20-89A7-C5EFEABAAE13}"
EndProject
Global
	GlobalSection(SolutionConfigurationPlatforms) = preSolution
		Debug|Any CPU = Debug|Any CPU
		Release|Any CPU = Release|Any CPU
	EndGlobalSection
	GlobalSection(ProjectConfigurationPlatforms) = postSolution
		{FE2FA2F7-DB60-4DC2-AE83-95285B5C85F4}.Debug|Any CPU.ActiveCfg = Debug|Any CPU
		{FE2FA2F7-DB60-4DC2-AE83-95285B5C85F4}.Debug|Any CPU.Build.0 = Debug|Any CPU
		{FE2FA2F7-DB60-4DC2-AE83-95285B5C85F4}.Release|Any CPU.ActiveCfg = Release|Any CPU
		{FE2FA2F7-DB60-4DC2-AE83-95285B5C85F4}.Release|Any CPU.Build.0 = Release|Any CPU
		{4C0472FE-BD00-4CA3-9CC0-67CC5919797B}.Debug|Any CPU.ActiveCfg = Debug|Any CPU
		{4C0472FE-BD00-4CA3-9CC0-67CC5919797B}.Debug|Any CPU.Build.0 = Debug|Any CPU
		{4C0472FE-BD00-4CA3-9CC0-67CC5919797B}.Release|Any CPU.ActiveCfg = Release|Any CPU
		{4C0472FE-BD00-4CA3-9CC0-67CC5919797B}.Release|Any CPU.Build.0 = Release|Any CPU
		{94FF3E81-B2BD-4F20-89A7-C5EFEABAAE13}.Debug|Any CPU.ActiveCfg = Debug|Any CPU
		{94FF3E81-B2BD-4F20-89A7-C5EFEABAAE13}.Debug|Any CPU.Build.0 = Debug|Any CPU
		{94FF3E81-B2BD-4F20-89A7-C5EFEABAAE13}.Release|Any CPU.ActiveCfg = Release|Any CPU
		{94FF3E81-B2BD-4F20-89A7-C5EFEABAAE13}.Release|Any CPU.Build.0 = Release|Any CPU
	EndGlobalSection
	GlobalSection(SolutionProperties) = preSolution
		HideSolutionNode = FALSE
	EndGlobalSection
	GlobalSection(ExtensibilityGlobals) = postSolution
		SolutionGuid = {EDCFC1C2-750D-4577-AD20-5F4CACC20C31}
	EndGlobalSection
EndGlobal
